
Microsoft Visual Studio Solution File, Format Version 11.00
# Visual Studio 2010
Project("{FAE04EC0-301F-11D3-BF4B-00C04F79EFBC}") = "Asana.Posture.Web.Ui1", "Asana.Posture.Web.Ui1\Asana.Posture.Web.Ui1.csproj", "{4F82AB7B-CBE4-4D6A-969E-948F48A175FB}"
EndProject
Project("{FAE04EC0-301F-11D3-BF4B-00C04F79EFBC}") = "Asana.Posture.Tests", "Asana.Posture.Tests\Asana.Posture.Tests.csproj", "{EA57E126-FBFA-41D2-97A0-068DC769603C}"
EndProject
Project("{2150E333-8FDC-42A3-9474-1A3956D46DE8}") = "Solution Items", "Solution Items", "{8E8538FB-ABB9-4F25-9B95-F52393B43D0E}"
	ProjectSection(SolutionItems) = preProject
		Local.testsettings = Local.testsettings
		NsTasks.vsmdi = NsTasks.vsmdi
		TraceAndTestImpact.testsettings = TraceAndTestImpact.testsettings
	EndProjectSection
EndProject
Project("{FAE04EC0-301F-11D3-BF4B-00C04F79EFBC}") = "Asana.Posture.Core", "Asana.Posture.Core\Asana.Posture.Core.csproj", "{7B90D418-BE11-4015-B99C-9EEFD74BD2B3}"
EndProject
Project("{2150E333-8FDC-42A3-9474-1A3956D46DE8}") = ".nuget", ".nuget", "{68027939-BCE7-440E-818F-77077025476F}"
	ProjectSection(SolutionItems) = preProject
		.nuget\packages.config = .nuget\packages.config
	EndProjectSection
EndProject
Project("{FAE04EC0-301F-11D3-BF4B-00C04F79EFBC}") = "Asana.Posture.Web.Ui2", "Asana.Posture.Web.Ui2\Asana.Posture.Web.Ui2.csproj", "{A70CFC05-FDAE-418D-A536-784D3B39F6D2}"
EndProject
Project("{FAE04EC0-301F-11D3-BF4B-00C04F79EFBC}") = "Asana.Posture.Web.Ui2.Tests", "Asana.Posture.Web.Ui2.Tests\Asana.Posture.Web.Ui2.Tests.csproj", "{B179A33C-14D3-453A-9C74-7D17936595DA}"
EndProject
Project("{FAE04EC0-301F-11D3-BF4B-00C04F79EFBC}") = "NewMvc4ProjectReference", "NewMvc4ProjectReference\NewMvc4ProjectReference.csproj", "{939CD6C6-9475-4638-B6DF-CAA91B41E4AC}"
EndProject
Project("{FAE04EC0-301F-11D3-BF4B-00C04F79EFBC}") = "NewMvc4ProjectReference.Tests", "NewMvc4ProjectReference.Tests\NewMvc4ProjectReference.Tests.csproj", "{2F934315-9951-4283-ABB4-7816A855EE4B}"
EndProject
Project("{FAE04EC0-301F-11D3-BF4B-00C04F79EFBC}") = "InitializrBaseReference", "InitializrBaseReference\InitializrBaseReference.csproj", "{555878EE-4A4E-41BA-912C-E0690CB565C3}"
EndProject
Global
	GlobalSection(TestCaseManagementSettings) = postSolution
		CategoryFile = NsTasks.vsmdi
	EndGlobalSection
	GlobalSection(SolutionConfigurationPlatforms) = preSolution
		Debug|Any CPU = Debug|Any CPU
		Release|Any CPU = Release|Any CPU
	EndGlobalSection
	GlobalSection(ProjectConfigurationPlatforms) = postSolution
		{4F82AB7B-CBE4-4D6A-969E-948F48A175FB}.Debug|Any CPU.ActiveCfg = Debug|Any CPU
		{4F82AB7B-CBE4-4D6A-969E-948F48A175FB}.Debug|Any CPU.Build.0 = Debug|Any CPU
		{4F82AB7B-CBE4-4D6A-969E-948F48A175FB}.Release|Any CPU.ActiveCfg = Release|Any CPU
		{4F82AB7B-CBE4-4D6A-969E-948F48A175FB}.Release|Any CPU.Build.0 = Release|Any CPU
		{EA57E126-FBFA-41D2-97A0-068DC769603C}.Debug|Any CPU.ActiveCfg = Debug|Any CPU
		{EA57E126-FBFA-41D2-97A0-068DC769603C}.Debug|Any CPU.Build.0 = Debug|Any CPU
		{EA57E126-FBFA-41D2-97A0-068DC769603C}.Release|Any CPU.ActiveCfg = Release|Any CPU
		{EA57E126-FBFA-41D2-97A0-068DC769603C}.Release|Any CPU.Build.0 = Release|Any CPU
		{7B90D418-BE11-4015-B99C-9EEFD74BD2B3}.Debug|Any CPU.ActiveCfg = Debug|Any CPU
		{7B90D418-BE11-4015-B99C-9EEFD74BD2B3}.Debug|Any CPU.Build.0 = Debug|Any CPU
		{7B90D418-BE11-4015-B99C-9EEFD74BD2B3}.Release|Any CPU.ActiveCfg = Release|Any CPU
		{7B90D418-BE11-4015-B99C-9EEFD74BD2B3}.Release|Any CPU.Build.0 = Release|Any CPU
		{A70CFC05-FDAE-418D-A536-784D3B39F6D2}.Debug|Any CPU.ActiveCfg = Debug|Any CPU
		{A70CFC05-FDAE-418D-A536-784D3B39F6D2}.Debug|Any CPU.Build.0 = Debug|Any CPU
		{A70CFC05-FDAE-418D-A536-784D3B39F6D2}.Release|Any CPU.ActiveCfg = Release|Any CPU
		{A70CFC05-FDAE-418D-A536-784D3B39F6D2}.Release|Any CPU.Build.0 = Release|Any CPU
		{B179A33C-14D3-453A-9C74-7D17936595DA}.Debug|Any CPU.ActiveCfg = Debug|Any CPU
		{B179A33C-14D3-453A-9C74-7D17936595DA}.Debug|Any CPU.Build.0 = Debug|Any CPU
		{B179A33C-14D3-453A-9C74-7D17936595DA}.Release|Any CPU.ActiveCfg = Release|Any CPU
		{B179A33C-14D3-453A-9C74-7D17936595DA}.Release|Any CPU.Build.0 = Release|Any CPU
		{939CD6C6-9475-4638-B6DF-CAA91B41E4AC}.Debug|Any CPU.ActiveCfg = Debug|Any CPU
		{939CD6C6-9475-4638-B6DF-CAA91B41E4AC}.Debug|Any CPU.Build.0 = Debug|Any CPU
		{939CD6C6-9475-4638-B6DF-CAA91B41E4AC}.Release|Any CPU.ActiveCfg = Release|Any CPU
		{939CD6C6-9475-4638-B6DF-CAA91B41E4AC}.Release|Any CPU.Build.0 = Release|Any CPU
		{2F934315-9951-4283-ABB4-7816A855EE4B}.Debug|Any CPU.ActiveCfg = Debug|Any CPU
		{2F934315-9951-4283-ABB4-7816A855EE4B}.Debug|Any CPU.Build.0 = Debug|Any CPU
		{2F934315-9951-4283-ABB4-7816A855EE4B}.Release|Any CPU.ActiveCfg = Release|Any CPU
		{2F934315-9951-4283-ABB4-7816A855EE4B}.Release|Any CPU.Build.0 = Release|Any CPU
		{555878EE-4A4E-41BA-912C-E0690CB565C3}.Debug|Any CPU.ActiveCfg = Debug|Any CPU
		{555878EE-4A4E-41BA-912C-E0690CB565C3}.Debug|Any CPU.Build.0 = Debug|Any CPU
		{555878EE-4A4E-41BA-912C-E0690CB565C3}.Release|Any CPU.ActiveCfg = Release|Any CPU
		{555878EE-4A4E-41BA-912C-E0690CB565C3}.Release|Any CPU.Build.0 = Release|Any CPU
	EndGlobalSection
	GlobalSection(SolutionProperties) = preSolution
		HideSolutionNode = FALSE
	EndGlobalSection
EndGlobal
